
Microsoft Visual Studio Solution File, Format Version 12.00
# Visual Studio 15
VisualStudioVersion = 15.0.28307.168
MinimumVisualStudioVersion = 10.0.40219.1
Project("{FAE04EC0-301F-11D3-BF4B-00C04F79EFBC}") = "UPDTest", "UPDTest\UPDTest.csproj", "{DB1BF5EE-115F-4438-A788-AB5D70EF9EBA}"
EndProject
Global
	GlobalSection(SolutionConfigurationPlatforms) = preSolution
		Debug|Any CPU = Debug|Any CPU
		Release|Any CPU = Release|Any CPU
	EndGlobalSection
	GlobalSection(ProjectConfigurationPlatforms) = postSolution
		{DB1BF5EE-115F-4438-A788-AB5D70EF9EBA}.Debug|Any CPU.ActiveCfg = Debug|Any CPU
		{DB1BF5EE-115F-4438-A788-AB5D70EF9EBA}.Debug|Any CPU.Build.0 = Debug|Any CPU
		{DB1BF5EE-115F-4438-A788-AB5D70EF9EBA}.Release|Any CPU.ActiveCfg = Release|Any CPU
		{DB1BF5EE-115F-4438-A788-AB5D70EF9EBA}.Release|Any CPU.Build.0 = Release|Any CPU
	EndGlobalSection
	GlobalSection(SolutionProperties) = preSolution
		HideSolutionNode = FALSE
	EndGlobalSection
	GlobalSection(ExtensibilityGlobals) = postSolution
		SolutionGuid = {D34B6319-9E4E-41E8-9C90-BBECA4E40EC4}
	EndGlobalSection
EndGlobal
